
Microsoft Visual Studio Solution File, Format Version 12.00
# Visual Studio 15
VisualStudioVersion = 15.0.28307.852
MinimumVisualStudioVersion = 10.0.40219.1
Project("{FAE04EC0-301F-11D3-BF4B-00C04F79EFBC}") = "Galaktika.External.Module", "Galaktika.External.Module\Galaktika.External.Module.csproj", "{5F15837D-D1E5-44DC-92F0-4F2EBE9C3F8D}"
EndProject
Project("{FAE04EC0-301F-11D3-BF4B-00C04F79EFBC}") = "Galaktika.External.Module.Win", "Galaktika.External.Module.Win\Galaktika.External.Module.Win.csproj", "{F5588C58-2FD0-4F8A-8984-D06F68B5381A}"
	ProjectSection(ProjectDependencies) = postProject
		{5F15837D-D1E5-44DC-92F0-4F2EBE9C3F8D} = {5F15837D-D1E5-44DC-92F0-4F2EBE9C3F8D}
	EndProjectSection
EndProject
Project("{FAE04EC0-301F-11D3-BF4B-00C04F79EFBC}") = "Galaktika.External.Presentation.Win", "Galaktika.External.Presentation.Win\Galaktika.External.Presentation.Win.csproj", "{9BD7CF78-654E-4DB4-9946-25256D533048}"
	ProjectSection(ProjectDependencies) = postProject
		{F5588C58-2FD0-4F8A-8984-D06F68B5381A} = {F5588C58-2FD0-4F8A-8984-D06F68B5381A}
		{5F15837D-D1E5-44DC-92F0-4F2EBE9C3F8D} = {5F15837D-D1E5-44DC-92F0-4F2EBE9C3F8D}
	EndProjectSection
EndProject
Global
	GlobalSection(SolutionConfigurationPlatforms) = preSolution
		Debug|Any CPU = Debug|Any CPU
		EasyTest|Any CPU = EasyTest|Any CPU
		Release|Any CPU = Release|Any CPU
	EndGlobalSection
	GlobalSection(ProjectConfigurationPlatforms) = postSolution
		{5F15837D-D1E5-44DC-92F0-4F2EBE9C3F8D}.Debug|Any CPU.ActiveCfg = Debug|Any CPU
		{5F15837D-D1E5-44DC-92F0-4F2EBE9C3F8D}.Debug|Any CPU.Build.0 = Debug|Any CPU
		{5F15837D-D1E5-44DC-92F0-4F2EBE9C3F8D}.EasyTest|Any CPU.ActiveCfg = EasyTest|Any CPU
		{5F15837D-D1E5-44DC-92F0-4F2EBE9C3F8D}.EasyTest|Any CPU.Build.0 = EasyTest|Any CPU
		{5F15837D-D1E5-44DC-92F0-4F2EBE9C3F8D}.Release|Any CPU.ActiveCfg = Release|Any CPU
		{5F15837D-D1E5-44DC-92F0-4F2EBE9C3F8D}.Release|Any CPU.Build.0 = Release|Any CPU
		{F5588C58-2FD0-4F8A-8984-D06F68B5381A}.Debug|Any CPU.ActiveCfg = Debug|Any CPU
		{F5588C58-2FD0-4F8A-8984-D06F68B5381A}.Debug|Any CPU.Build.0 = Debug|Any CPU
		{F5588C58-2FD0-4F8A-8984-D06F68B5381A}.EasyTest|Any CPU.ActiveCfg = EasyTest|Any CPU
		{F5588C58-2FD0-4F8A-8984-D06F68B5381A}.EasyTest|Any CPU.Build.0 = EasyTest|Any CPU
		{F5588C58-2FD0-4F8A-8984-D06F68B5381A}.Release|Any CPU.ActiveCfg = Release|Any CPU
		{F5588C58-2FD0-4F8A-8984-D06F68B5381A}.Release|Any CPU.Build.0 = Release|Any CPU
		{9BD7CF78-654E-4DB4-9946-25256D533048}.Debug|Any CPU.ActiveCfg = Debug|Any CPU
		{9BD7CF78-654E-4DB4-9946-25256D533048}.Debug|Any CPU.Build.0 = Debug|Any CPU
		{9BD7CF78-654E-4DB4-9946-25256D533048}.EasyTest|Any CPU.ActiveCfg = EasyTest|Any CPU
		{9BD7CF78-654E-4DB4-9946-25256D533048}.EasyTest|Any CPU.Build.0 = EasyTest|Any CPU
		{9BD7CF78-654E-4DB4-9946-25256D533048}.Release|Any CPU.ActiveCfg = Release|Any CPU
		{9BD7CF78-654E-4DB4-9946-25256D533048}.Release|Any CPU.Build.0 = Release|Any CPU
	EndGlobalSection
	GlobalSection(SolutionProperties) = preSolution
		HideSolutionNode = FALSE
	EndGlobalSection
	GlobalSection(ExtensibilityGlobals) = postSolution
		SolutionGuid = {11A2F3F0-9ADC-42EB-A9B7-F006A10D3DC4}
	EndGlobalSection
EndGlobal
